
Microsoft Visual Studio Solution File, Format Version 11.00
# Visual Basic Express 2010
Project("{F184B08F-C81C-45F6-A57F-5ABD9991F28F}") = "P08FontColorSizeEasy", "P08FontColorSizeEasy\P08FontColorSizeEasy.vbproj", "{32BD0552-DE29-4513-A924-038C8778E861}"
EndProject
Global
	GlobalSection(SolutionConfigurationPlatforms) = preSolution
		Debug|x86 = Debug|x86
		Release|x86 = Release|x86
	EndGlobalSection
	GlobalSection(ProjectConfigurationPlatforms) = postSolution
		{32BD0552-DE29-4513-A924-038C8778E861}.Debug|x86.ActiveCfg = Debug|x86
		{32BD0552-DE29-4513-A924-038C8778E861}.Debug|x86.Build.0 = Debug|x86
		{32BD0552-DE29-4513-A924-038C8778E861}.Release|x86.ActiveCfg = Release|x86
		{32BD0552-DE29-4513-A924-038C8778E861}.Release|x86.Build.0 = Release|x86
	EndGlobalSection
	GlobalSection(SolutionProperties) = preSolution
		HideSolutionNode = FALSE
	EndGlobalSection
EndGlobal
